
Microsoft Visual Studio Solution File, Format Version 12.00
# Visual Studio Version 16
VisualStudioVersion = 16.0.29230.47
MinimumVisualStudioVersion = 10.0.40219.1
Project("{FAE04EC0-301F-11D3-BF4B-00C04F79EFBC}") = "UA Server Controls", "..\..\Samples\ServerControls.Net4\UA Server Controls.csproj", "{80056988-44E7-4EF4-9F59-50BCF215CB03}"
EndProject
Project("{9A19103F-16F7-4668-BE54-9A1E7A4F7556}") = "ConsoleReferenceServer", "ConsoleReferenceServer\ConsoleReferenceServer.csproj", "{D71026ED-8452-4053-A198-C0F3260E4BAD}"
EndProject
Project("{9A19103F-16F7-4668-BE54-9A1E7A4F7556}") = "Opc.Ua.Core", "..\..\..\Stack\Opc.Ua.Core\Opc.Ua.Core.csproj", "{4569AAA2-710B-4E8B-A4C6-F917777814DA}"
EndProject
Project("{9A19103F-16F7-4668-BE54-9A1E7A4F7556}") = "Opc.Ua.Configuration", "..\..\SDK\Opc.Ua.Configuration\Opc.Ua.Configuration.csproj", "{DE6B7D4F-E566-45CB-A876-086E5CD50FB0}"
EndProject
Project("{9A19103F-16F7-4668-BE54-9A1E7A4F7556}") = "Opc.Ua.Server", "..\..\SDK\Opc.Ua.Server\Opc.Ua.Server.csproj", "{A2F587FD-5140-478B-8A0E-8417F8A38548}"
EndProject
Global
	GlobalSection(SolutionConfigurationPlatforms) = preSolution
		Debug|Any CPU = Debug|Any CPU
		Release|Any CPU = Release|Any CPU
	EndGlobalSection
	GlobalSection(ProjectConfigurationPlatforms) = postSolution
		{80056988-44E7-4EF4-9F59-50BCF215CB03}.Debug|Any CPU.ActiveCfg = Debug|Any CPU
		{80056988-44E7-4EF4-9F59-50BCF215CB03}.Debug|Any CPU.Build.0 = Debug|Any CPU
		{80056988-44E7-4EF4-9F59-50BCF215CB03}.Release|Any CPU.ActiveCfg = Release|Any CPU
		{80056988-44E7-4EF4-9F59-50BCF215CB03}.Release|Any CPU.Build.0 = Release|Any CPU
		{D71026ED-8452-4053-A198-C0F3260E4BAD}.Debug|Any CPU.ActiveCfg = Debug|Any CPU
		{D71026ED-8452-4053-A198-C0F3260E4BAD}.Debug|Any CPU.Build.0 = Debug|Any CPU
		{D71026ED-8452-4053-A198-C0F3260E4BAD}.Release|Any CPU.ActiveCfg = Release|Any CPU
		{D71026ED-8452-4053-A198-C0F3260E4BAD}.Release|Any CPU.Build.0 = Release|Any CPU
		{4569AAA2-710B-4E8B-A4C6-F917777814DA}.Debug|Any CPU.ActiveCfg = Debug|Any CPU
		{4569AAA2-710B-4E8B-A4C6-F917777814DA}.Debug|Any CPU.Build.0 = Debug|Any CPU
		{4569AAA2-710B-4E8B-A4C6-F917777814DA}.Release|Any CPU.ActiveCfg = Release|Any CPU
		{4569AAA2-710B-4E8B-A4C6-F917777814DA}.Release|Any CPU.Build.0 = Release|Any CPU
		{DE6B7D4F-E566-45CB-A876-086E5CD50FB0}.Debug|Any CPU.ActiveCfg = Debug|Any CPU
		{DE6B7D4F-E566-45CB-A876-086E5CD50FB0}.Debug|Any CPU.Build.0 = Debug|Any CPU
		{DE6B7D4F-E566-45CB-A876-086E5CD50FB0}.Release|Any CPU.ActiveCfg = Release|Any CPU
		{DE6B7D4F-E566-45CB-A876-086E5CD50FB0}.Release|Any CPU.Build.0 = Release|Any CPU
		{A2F587FD-5140-478B-8A0E-8417F8A38548}.Debug|Any CPU.ActiveCfg = Debug|Any CPU
		{A2F587FD-5140-478B-8A0E-8417F8A38548}.Debug|Any CPU.Build.0 = Debug|Any CPU
		{A2F587FD-5140-478B-8A0E-8417F8A38548}.Release|Any CPU.ActiveCfg = Release|Any CPU
		{A2F587FD-5140-478B-8A0E-8417F8A38548}.Release|Any CPU.Build.0 = Release|Any CPU
	EndGlobalSection
	GlobalSection(SolutionProperties) = preSolution
		HideSolutionNode = FALSE
	EndGlobalSection
	GlobalSection(ExtensibilityGlobals) = postSolution
		SolutionGuid = {82F7D44C-E84A-4228-BB0A-DCE158BEEB52}
	EndGlobalSection
EndGlobal
